
Microsoft Visual Studio Solution File, Format Version 12.00
# Visual Studio Version 17
VisualStudioVersion = 17.11.35312.102
MinimumVisualStudioVersion = 10.0.40219.1
Project("{FAE04EC0-301F-11D3-BF4B-00C04F79EFBC}") = "Carente", "Carente.csproj", "{185B3EBD-AF00-4BD1-855E-5E5FE1DEA660}"
EndProject
Global
	GlobalSection(SolutionConfigurationPlatforms) = preSolution
		Debug|Any CPU = Debug|Any CPU
		Release|Any CPU = Release|Any CPU
	EndGlobalSection
	GlobalSection(ProjectConfigurationPlatforms) = postSolution
		{185B3EBD-AF00-4BD1-855E-5E5FE1DEA660}.Debug|Any CPU.ActiveCfg = Debug|Any CPU
		{185B3EBD-AF00-4BD1-855E-5E5FE1DEA660}.Debug|Any CPU.Build.0 = Debug|Any CPU
		{185B3EBD-AF00-4BD1-855E-5E5FE1DEA660}.Release|Any CPU.ActiveCfg = Release|Any CPU
		{185B3EBD-AF00-4BD1-855E-5E5FE1DEA660}.Release|Any CPU.Build.0 = Release|Any CPU
	EndGlobalSection
	GlobalSection(SolutionProperties) = preSolution
		HideSolutionNode = FALSE
	EndGlobalSection
	GlobalSection(ExtensibilityGlobals) = postSolution
		SolutionGuid = {F91FBDF5-9C70-4FB9-BC87-03C647EBFF20}
	EndGlobalSection
EndGlobal
